// !$*UTF8*$!
{
	archiveVersion = 1;
	classes = {
	};
	objectVersion = 50;
	objects = {

/* Begin PBXBuildFile section */
		A30C7AB0255EC5B50099ABF9 /* AppleScriptObjC.framework in Frameworks */ = {isa = PBXBuildFile; fileRef = A30C7AAF255EC5B50099ABF9 /* AppleScriptObjC.framework */; };
		A30C7AB3255EC5B50099ABF9 /* AppDelegate.applescript in Sources */ = {isa = PBXBuildFile; fileRef = A30C7AB2255EC5B50099ABF9 /* AppDelegate.applescript */; };
		A30C7AB5255EC5B50099ABF9 /* Assets.xcassets in Resources */ = {isa = PBXBuildFile; fileRef = A30C7AB4255EC5B50099ABF9 /* Assets.xcassets */; };
		A30C7AB8255EC5B50099ABF9 /* AppXib.xib in Resources */ = {isa = PBXBuildFile; fileRef = A30C7AB6255EC5B50099ABF9 /* AppXib.xib */; };
		A30C7ABB255EC5B50099ABF9 /* main.m in Sources */ = {isa = PBXBuildFile; fileRef = A30C7ABA255EC5B50099ABF9 /* main.m */; };
/* End PBXBuildFile section */

/* Begin PBXFileReference section */
		A30C7AAC255EC5B50099ABF9 /* Sbc Bitpool Expander.app */ = {isa = PBXFileReference; explicitFileType = wrapper.application; includeInIndex = 0; path = "Sbc Bitpool Expander.app"; sourceTree = BUILT_PRODUCTS_DIR; };
		A30C7AAF255EC5B50099ABF9 /* AppleScriptObjC.framework */ = {isa = PBXFileReference; lastKnownFileType = wrapper.framework; name = AppleScriptObjC.framework; path = System/Library/Frameworks/AppleScriptObjC.framework; sourceTree = SDKROOT; };
		A30C7AB2255EC5B50099ABF9 /* AppDelegate.applescript */ = {isa = PBXFileReference; lastKnownFileType = sourcecode.applescript; path = AppDelegate.applescript; sourceTree = "<group>"; };
		A30C7AB4255EC5B50099ABF9 /* Assets.xcassets */ = {isa = PBXFileReference; lastKnownFileType = folder.assetcatalog; path = Assets.xcassets; sourceTree = "<group>"; };
		A30C7AB7255EC5B50099ABF9 /* Base */ = {isa = PBXFileReference; lastKnownFileType = file.xib; name = Base; path = Base.lproj/AppXib.xib; sourceTree = "<group>"; };
		A30C7AB9255EC5B50099ABF9 /* Info.plist */ = {isa = PBXFileReference; lastKnownFileType = text.plist.xml; path = Info.plist; sourceTree = "<group>"; };
		A30C7ABA255EC5B50099ABF9 /* main.m */ = {isa = PBXFileReference; lastKnownFileType = sourcecode.c.objc; path = main.m; sourceTree = "<group>"; };
/* End PBXFileReference section */

/* Begin PBXFrameworksBuildPhase section */
		A30C7AA9255EC5B50099ABF9 /* Frameworks */ = {
			isa = PBXFrameworksBuildPhase;
			buildActionMask = 2147483647;
			files = (
				A30C7AB0255EC5B50099ABF9 /* AppleScriptObjC.framework in Frameworks */,
			);
			runOnlyForDeploymentPostprocessing = 0;
		};
/* End PBXFrameworksBuildPhase section */

/* Begin PBXGroup section */
		A30C7AA3255EC5B50099ABF9 = {
			isa = PBXGroup;
			children = (
				A30C7AB1255EC5B50099ABF9 /* Sbc Bitpool Expander */,
				A30C7AAE255EC5B50099ABF9 /* Frameworks */,
				A30C7AAD255EC5B50099ABF9 /* Products */,
			);
			sourceTree = "<group>";
		};
		A30C7AAD255EC5B50099ABF9 /* Products */ = {
			isa = PBXGroup;
			children = (
				A30C7AAC255EC5B50099ABF9 /* Sbc Bitpool Expander.app */,
			);
			name = Products;
			sourceTree = "<group>";
		};
		A30C7AAE255EC5B50099ABF9 /* Frameworks */ = {
			isa = PBXGroup;
			children = (
				A30C7AAF255EC5B50099ABF9 /* AppleScriptObjC.framework */,
			);
			name = Frameworks;
			sourceTree = "<group>";
		};
		A30C7AB1255EC5B50099ABF9 /* Sbc Bitpool Expander */ = {
			isa = PBXGroup;
			children = (
				A30C7AB2255EC5B50099ABF9 /* AppDelegate.applescript */,
				A30C7AB4255EC5B50099ABF9 /* Assets.xcassets */,
				A30C7AB6255EC5B50099ABF9 /* AppXib.xib */,
				A30C7AB9255EC5B50099ABF9 /* Info.plist */,
				A30C7ABA255EC5B50099ABF9 /* main.m */,
			);
			path = "Sbc Bitpool Expander";
			sourceTree = "<group>";
		};
/* End PBXGroup section */

/* Begin PBXNativeTarget section */
		A30C7AAB255EC5B50099ABF9 /* Sbc Bitpool Expander */ = {
			isa = PBXNativeTarget;
			buildConfigurationList = A30C7ABE255EC5B50099ABF9 /* Build configuration list for PBXNativeTarget "Sbc Bitpool Expander" */;
			buildPhases = (
				A30C7AA8255EC5B50099ABF9 /* Sources */,
				A30C7AA9255EC5B50099ABF9 /* Frameworks */,
				A30C7AAA255EC5B50099ABF9 /* Resources */,
			);
			buildRules = (
			);
			dependencies = (
			);
			name = "Sbc Bitpool Expander";
			productName = "Sbc Bitpool Expander";
			productReference = A30C7AAC255EC5B50099ABF9 /* Sbc Bitpool Expander.app */;
			productType = "com.apple.product-type.application";
		};
/* End PBXNativeTarget section */

/* Begin PBXProject section */
		A30C7AA4255EC5B50099ABF9 /* Project object */ = {
			isa = PBXProject;
			attributes = {
				LastUpgradeCheck = 1210;
				TargetAttributes = {
					A30C7AAB255EC5B50099ABF9 = {
						CreatedOnToolsVersion = 12.1;
					};
				};
			};
			buildConfigurationList = A30C7AA7255EC5B50099ABF9 /* Build configuration list for PBXProject "Sbc Bitpool Expander" */;
			compatibilityVersion = "Xcode 9.3";
			developmentRegion = en;
			hasScannedForEncodings = 0;
			knownRegions = (
				en,
				Base,
			);
			mainGroup = A30C7AA3255EC5B50099ABF9;
			productRefGroup = A30C7AAD255EC5B50099ABF9 /* Products */;
			projectDirPath = "";
			projectRoot = "";
			targets = (
				A30C7AAB255EC5B50099ABF9 /* Sbc Bitpool Expander */,
			);
		};
/* End PBXProject section */

/* Begin PBXResourcesBuildPhase section */
		A30C7AAA255EC5B50099ABF9 /* Resources */ = {
			isa = PBXResourcesBuildPhase;
			buildActionMask = 2147483647;
			files = (
				A30C7AB5255EC5B50099ABF9 /* Assets.xcassets in Resources */,
				A30C7AB8255EC5B50099ABF9 /* AppXib.xib in Resources */,
			);
			runOnlyForDeploymentPostprocessing = 0;
		};
/* End PBXResourcesBuildPhase section */

/* Begin PBXSourcesBuildPhase section */
		A30C7AA8255EC5B50099ABF9 /* Sources */ = {
			isa = PBXSourcesBuildPhase;
			buildActionMask = 2147483647;
			files = (
				A30C7ABB255EC5B50099ABF9 /* main.m in Sources */,
				A30C7AB3255EC5B50099ABF9 /* AppDelegate.applescript in Sources */,
			);
			runOnlyForDeploymentPostprocessing = 0;
		};
/* End PBXSourcesBuildPhase section */

/* Begin PBXVariantGroup section */
		A30C7AB6255EC5B50099ABF9 /* AppXib.xib */ = {
			isa = PBXVariantGroup;
			children = (
				A30C7AB7255EC5B50099ABF9 /* Base */,
			);
			name = AppXib.xib;
			sourceTree = "<group>";
		};
/* End PBXVariantGroup section */

/* Begin XCBuildConfiguration section */
		A30C7ABC255EC5B50099ABF9 /* Debug */ = {
			isa = XCBuildConfiguration;
			buildSettings = {
				ALWAYS_SEARCH_USER_PATHS = NO;
				CLANG_ANALYZER_NONNULL = YES;
				CLANG_ANALYZER_NUMBER_OBJECT_CONVERSION = YES_AGGRESSIVE;
				CLANG_CXX_LANGUAGE_STANDARD = "gnu++14";
				CLANG_CXX_LIBRARY = "libc++";
				CLANG_ENABLE_MODULES = YES;
				CLANG_ENABLE_OBJC_ARC = YES;
				CLANG_ENABLE_OBJC_WEAK = YES;
				CLANG_WARN_BLOCK_CAPTURE_AUTORELEASING = YES;
				CLANG_WARN_BOOL_CONVERSION = YES;
				CLANG_WARN_COMMA = YES;
				CLANG_WARN_CONSTANT_CONVERSION = YES;
				CLANG_WARN_DEPRECATED_OBJC_IMPLEMENTATIONS = YES;
				CLANG_WARN_DIRECT_OBJC_ISA_USAGE = YES_ERROR;
				CLANG_WARN_DOCUMENTATION_COMMENTS = YES;
				CLANG_WARN_EMPTY_BODY = YES;
				CLANG_WARN_ENUM_CONVERSION = YES;
				CLANG_WARN_INFINITE_RECURSION = YES;
				CLANG_WARN_INT_CONVERSION = YES;
				CLANG_WARN_NON_LITERAL_NULL_CONVERSION = YES;
				CLANG_WARN_OBJC_IMPLICIT_RETAIN_SELF = YES;
				CLANG_WARN_OBJC_LITERAL_CONVERSION = YES;
				CLANG_WARN_OBJC_ROOT_CLASS = YES_ERROR;
				CLANG_WARN_QUOTED_INCLUDE_IN_FRAMEWORK_HEADER = YES;
				CLANG_WARN_RANGE_LOOP_ANALYSIS = YES;
				CLANG_WARN_STRICT_PROTOTYPES = YES;
				CLANG_WARN_SUSPICIOUS_MOVE = YES;
				CLANG_WARN_UNGUARDED_AVAILABILITY = YES_AGGRESSIVE;
				CLANG_WARN_UNREACHABLE_CODE = YES;
				CLANG_WARN__DUPLICATE_METHOD_MATCH = YES;
				COPY_PHASE_STRIP = NO;
				DEBUG_INFORMATION_FORMAT = dwarf;
				ENABLE_STRICT_OBJC_MSGSEND = YES;
				ENABLE_TESTABILITY = YES;
				GCC_C_LANGUAGE_STANDARD = gnu11;
				GCC_DYNAMIC_NO_PIC = NO;
				GCC_NO_COMMON_BLOCKS = YES;
				GCC_OPTIMIZATION_LEVEL = 0;
				GCC_PREPROCESSOR_DEFINITIONS = (
					"DEBUG=1",
					"$(inherited)",
				);
				GCC_WARN_64_TO_32_BIT_CONVERSION = YES;
				GCC_WARN_ABOUT_RETURN_TYPE = YES_ERROR;
				GCC_WARN_UNDECLARED_SELECTOR = YES;
				GCC_WARN_UNINITIALIZED_AUTOS = YES_AGGRESSIVE;
				GCC_WARN_UNUSED_FUNCTION = YES;
				GCC_WARN_UNUSED_VARIABLE = YES;
				MACOSX_DEPLOYMENT_TARGET = 10.15;
				MTL_ENABLE_DEBUG_INFO = INCLUDE_SOURCE;
				MTL_FAST_MATH = YES;
				ONLY_ACTIVE_ARCH = YES;
				SDKROOT = macosx;
			};
			name = Debug;
		};
		A30C7ABD255EC5B50099ABF9 /* Release */ = {
			isa = XCBuildConfiguration;
			buildSettings = {
				ALWAYS_SEARCH_USER_PATHS = NO;
				CLANG_ANALYZER_NONNULL = YES;
				CLANG_ANALYZER_NUMBER_OBJECT_CONVERSION = YES_AGGRESSIVE;
				CLANG_CXX_LANGUAGE_STANDARD = "gnu++14";
				CLANG_CXX_LIBRARY = "libc++";
				CLANG_ENABLE_MODULES = YES;
				CLANG_ENABLE_OBJC_ARC = YES;
				CLANG_ENABLE_OBJC_WEAK = YES;
				CLANG_WARN_BLOCK_CAPTURE_AUTORELEASING = YES;
				CLANG_WARN_BOOL_CONVERSION = YES;
				CLANG_WARN_COMMA = YES;
				CLANG_WARN_CONSTANT_CONVERSION = YES;
				CLANG_WARN_DEPRECATED_OBJC_IMPLEMENTATIONS = YES;
				CLANG_WARN_DIRECT_OBJC_ISA_USAGE = YES_ERROR;
				CLANG_WARN_DOCUMENTATION_COMMENTS = YES;
				CLANG_WARN_EMPTY_BODY = YES;
				CLANG_WARN_ENUM_CONVERSION = YES;
				CLANG_WARN_INFINITE_RECURSION = YES;
				CLANG_WARN_INT_CONVERSION = YES;
				CLANG_WARN_NON_LITERAL_NULL_CONVERSION = YES;
				CLANG_WARN_OBJC_IMPLICIT_RETAIN_SELF = YES;
				CLANG_WARN_OBJC_LITERAL_CONVERSION = YES;
				CLANG_WARN_OBJC_ROOT_CLASS = YES_ERROR;
				CLANG_WARN_QUOTED_INCLUDE_IN_FRAMEWORK_HEADER = YES;
				CLANG_WARN_RANGE_LOOP_ANALYSIS = YES;
				CLANG_WARN_STRICT_PROTOTYPES = YES;
				CLANG_WARN_SUSPICIOUS_MOVE = YES;
				CLANG_WARN_UNGUARDED_AVAILABILITY = YES_AGGRESSIVE;
				CLANG_WARN_UNREACHABLE_CODE = YES;
				CLANG_WARN__DUPLICATE_METHOD_MATCH = YES;
				COPY_PHASE_STRIP = NO;
				DEBUG_INFORMATION_FORMAT = "dwarf-with-dsym";
				ENABLE_NS_ASSERTIONS = NO;
				ENABLE_STRICT_OBJC_MSGSEND = YES;
				GCC_C_LANGUAGE_STANDARD = gnu11;
				GCC_NO_COMMON_BLOCKS = YES;
				GCC_WARN_64_TO_32_BIT_CONVERSION = YES;
				GCC_WARN_ABOUT_RETURN_TYPE = YES_ERROR;
				GCC_WARN_UNDECLARED_SELECTOR = YES;
				GCC_WARN_UNINITIALIZED_AUTOS = YES_AGGRESSIVE;
				GCC_WARN_UNUSED_FUNCTION = YES;
				GCC_WARN_UNUSED_VARIABLE = YES;
				MACOSX_DEPLOYMENT_TARGET = 10.15;
				MTL_ENABLE_DEBUG_INFO = NO;
				MTL_FAST_MATH = YES;
				SDKROOT = macosx;
			};
			name = Release;
		};
		A30C7ABF255EC5B50099ABF9 /* Debug */ = {
			isa = XCBuildConfiguration;
			buildSettings = {
				ASSETCATALOG_COMPILER_APPICON_NAME = AppIcon;
				ASSETCATALOG_COMPILER_GLOBAL_ACCENT_COLOR_NAME = AccentColor;
				CODE_SIGN_STYLE = Automatic;
				COMBINE_HIDPI_IMAGES = YES;
				DEVELOPMENT_TEAM = C84A399767;
				ENABLE_HARDENED_RUNTIME = YES;
				INFOPLIST_FILE = "Sbc Bitpool Expander/Info.plist";
				LD_RUNPATH_SEARCH_PATHS = (
					"$(inherited)",
					"@executable_path/../Frameworks",
				);
				MACOSX_DEPLOYMENT_TARGET = 10.14;
				MARKETING_VERSION = 2.0.0;
				PRODUCT_BUNDLE_IDENTIFIER = "org.ololx.sbc-bitpool-expander";
				PRODUCT_NAME = "$(TARGET_NAME)";
			};
			name = Debug;
		};
		A30C7AC0255EC5B50099ABF9 /* Release */ = {
			isa = XCBuildConfiguration;
			buildSettings = {
				ASSETCATALOG_COMPILER_APPICON_NAME = AppIcon;
				ASSETCATALOG_COMPILER_GLOBAL_ACCENT_COLOR_NAME = AccentColor;
				CODE_SIGN_STYLE = Automatic;
				COMBINE_HIDPI_IMAGES = YES;
				DEVELOPMENT_TEAM = C84A399767;
				ENABLE_HARDENED_RUNTIME = YES;
				INFOPLIST_FILE = "Sbc Bitpool Expander/Info.plist";
				LD_RUNPATH_SEARCH_PATHS = (
					"$(inherited)",
					"@executable_path/../Frameworks",
				);
				MACOSX_DEPLOYMENT_TARGET = 10.14;
				MARKETING_VERSION = 2.0.0;
				PRODUCT_BUNDLE_IDENTIFIER = "org.ololx.sbc-bitpool-expander";
				PRODUCT_NAME = "$(TARGET_NAME)";
			};
			name = Release;
		};
/* End XCBuildConfiguration section */

/* Begin XCConfigurationList section */
		A30C7AA7255EC5B50099ABF9 /* Build configuration list for PBXProject "Sbc Bitpool Expander" */ = {
			isa = XCConfigurationList;
			buildConfigurations = (
				A30C7ABC255EC5B50099ABF9 /* Debug */,
				A30C7ABD255EC5B50099ABF9 /* Release */,
			);
			defaultConfigurationIsVisible = 0;
			defaultConfigurationName = Release;
		};
		A30C7ABE255EC5B50099ABF9 /* Build configuration list for PBXNativeTarget "Sbc Bitpool Expander" */ = {
			isa = XCConfigurationList;
			buildConfigurations = (
				A30C7ABF255EC5B50099ABF9 /* Debug */,
				A30C7AC0255EC5B50099ABF9 /* Release */,
			);
			defaultConfigurationIsVisible = 0;
			defaultConfigurationName = Release;
		};
/* End XCConfigurationList section */
	};
	rootObject = A30C7AA4255EC5B50099ABF9 /* Project object */;
}
