// !$*UTF8*$!
{
	archiveVersion = 1;
	classes = {
	};
	objectVersion = 50;
	objects = {

/* Begin PBXBuildFile section */
		A313E7A1257CFD8100C7AC6C /* BluetoothAudioPreferences.swift in Sources */ = {isa = PBXBuildFile; fileRef = A313E7A0257CFD8100C7AC6C /* BluetoothAudioPreferences.swift */; };
		A313E7A6257CFFE200C7AC6C /* BluetoothAudioDefaults.swift in Sources */ = {isa = PBXBuildFile; fileRef = A313E7A5257CFFE200C7AC6C /* BluetoothAudioDefaults.swift */; };
		A34E91802570BC73000DB3F4 /* AppDelegate.swift in Sources */ = {isa = PBXBuildFile; fileRef = A34E917F2570BC73000DB3F4 /* AppDelegate.swift */; };
		A34E91822570BC73000DB3F4 /* MainController.swift in Sources */ = {isa = PBXBuildFile; fileRef = A34E91812570BC73000DB3F4 /* MainController.swift */; };
		A34E91852570BC73000DB3F4 /* sbc_bitpool_expander.xcdatamodeld in Sources */ = {isa = PBXBuildFile; fileRef = A34E91832570BC73000DB3F4 /* sbc_bitpool_expander.xcdatamodeld */; };
		A34E91872570BC74000DB3F4 /* Assets.xcassets in Resources */ = {isa = PBXBuildFile; fileRef = A34E91862570BC74000DB3F4 /* Assets.xcassets */; };
		A34E918A2570BC74000DB3F4 /* Main.storyboard in Resources */ = {isa = PBXBuildFile; fileRef = A34E91882570BC74000DB3F4 /* Main.storyboard */; };
		A3681907257BE32700438C80 /* ChannelDetail.swift in Sources */ = {isa = PBXBuildFile; fileRef = A3681906257BE32700438C80 /* ChannelDetail.swift */; };
		A3A4BF38257E6AB600F06042 /* AppConfigurations.swift in Sources */ = {isa = PBXBuildFile; fileRef = A3A4BF37257E6AB600F06042 /* AppConfigurations.swift */; };
		A3A4BF40257E862F00F06042 /* Configurator.swift in Sources */ = {isa = PBXBuildFile; fileRef = A3A4BF3F257E862F00F06042 /* Configurator.swift */; };
		A3A4BF45257E86A100F06042 /* MainConfigurator.swift in Sources */ = {isa = PBXBuildFile; fileRef = A3A4BF44257E86A100F06042 /* MainConfigurator.swift */; };
		A3D064402577E51200CF800B /* AppDefaults.swift in Sources */ = {isa = PBXBuildFile; fileRef = A3D0643F2577E51200CF800B /* AppDefaults.swift */; };
		A3E001462577838A00B42B52 /* BitpoolDetail.swift in Sources */ = {isa = PBXBuildFile; fileRef = A3E001452577838A00B42B52 /* BitpoolDetail.swift */; };
/* End PBXBuildFile section */

/* Begin PBXFileReference section */
		A313E7A0257CFD8100C7AC6C /* BluetoothAudioPreferences.swift */ = {isa = PBXFileReference; lastKnownFileType = sourcecode.swift; path = BluetoothAudioPreferences.swift; sourceTree = "<group>"; };
		A313E7A5257CFFE200C7AC6C /* BluetoothAudioDefaults.swift */ = {isa = PBXFileReference; lastKnownFileType = sourcecode.swift; path = BluetoothAudioDefaults.swift; sourceTree = "<group>"; };
		A34E917C2570BC73000DB3F4 /* sbc bitpool expander.app */ = {isa = PBXFileReference; explicitFileType = wrapper.application; includeInIndex = 0; path = "sbc bitpool expander.app"; sourceTree = BUILT_PRODUCTS_DIR; };
		A34E917F2570BC73000DB3F4 /* AppDelegate.swift */ = {isa = PBXFileReference; lastKnownFileType = sourcecode.swift; path = AppDelegate.swift; sourceTree = "<group>"; };
		A34E91812570BC73000DB3F4 /* MainController.swift */ = {isa = PBXFileReference; lastKnownFileType = sourcecode.swift; path = MainController.swift; sourceTree = "<group>"; };
		A34E91842570BC73000DB3F4 /* sbc_bitpool_expander.xcdatamodel */ = {isa = PBXFileReference; lastKnownFileType = wrapper.xcdatamodel; path = sbc_bitpool_expander.xcdatamodel; sourceTree = "<group>"; };
		A34E91862570BC74000DB3F4 /* Assets.xcassets */ = {isa = PBXFileReference; lastKnownFileType = folder.assetcatalog; path = Assets.xcassets; sourceTree = "<group>"; };
		A34E91892570BC74000DB3F4 /* Base */ = {isa = PBXFileReference; lastKnownFileType = file.storyboard; name = Base; path = Base.lproj/Main.storyboard; sourceTree = "<group>"; };
		A34E918B2570BC74000DB3F4 /* Info.plist */ = {isa = PBXFileReference; lastKnownFileType = text.plist.xml; path = Info.plist; sourceTree = "<group>"; };
		A34E918C2570BC74000DB3F4 /* sbc_bitpool_expander.entitlements */ = {isa = PBXFileReference; lastKnownFileType = text.plist.entitlements; path = sbc_bitpool_expander.entitlements; sourceTree = "<group>"; };
		A3681906257BE32700438C80 /* ChannelDetail.swift */ = {isa = PBXFileReference; lastKnownFileType = sourcecode.swift; path = ChannelDetail.swift; sourceTree = "<group>"; };
		A3A4BF37257E6AB600F06042 /* AppConfigurations.swift */ = {isa = PBXFileReference; lastKnownFileType = sourcecode.swift; path = AppConfigurations.swift; sourceTree = "<group>"; };
		A3A4BF3F257E862F00F06042 /* Configurator.swift */ = {isa = PBXFileReference; lastKnownFileType = sourcecode.swift; path = Configurator.swift; sourceTree = "<group>"; };
		A3A4BF44257E86A100F06042 /* MainConfigurator.swift */ = {isa = PBXFileReference; lastKnownFileType = sourcecode.swift; path = MainConfigurator.swift; sourceTree = "<group>"; };
		A3D0643F2577E51200CF800B /* AppDefaults.swift */ = {isa = PBXFileReference; lastKnownFileType = sourcecode.swift; path = AppDefaults.swift; sourceTree = "<group>"; };
		A3E001452577838A00B42B52 /* BitpoolDetail.swift */ = {isa = PBXFileReference; lastKnownFileType = sourcecode.swift; path = BitpoolDetail.swift; sourceTree = "<group>"; };
/* End PBXFileReference section */

/* Begin PBXFrameworksBuildPhase section */
		A34E91792570BC73000DB3F4 /* Frameworks */ = {
			isa = PBXFrameworksBuildPhase;
			buildActionMask = 2147483647;
			files = (
			);
			runOnlyForDeploymentPostprocessing = 0;
		};
/* End PBXFrameworksBuildPhase section */

/* Begin PBXGroup section */
		A313E7AE257D071D00C7AC6C /* entity */ = {
			isa = PBXGroup;
			children = (
				A3E001452577838A00B42B52 /* BitpoolDetail.swift */,
				A3681906257BE32700438C80 /* ChannelDetail.swift */,
			);
			path = entity;
			sourceTree = "<group>";
		};
		A34E91732570BC73000DB3F4 = {
			isa = PBXGroup;
			children = (
				A34E917E2570BC73000DB3F4 /* sbc bitpool expander */,
				A34E917D2570BC73000DB3F4 /* Products */,
			);
			sourceTree = "<group>";
		};
		A34E917D2570BC73000DB3F4 /* Products */ = {
			isa = PBXGroup;
			children = (
				A34E917C2570BC73000DB3F4 /* sbc bitpool expander.app */,
			);
			name = Products;
			sourceTree = "<group>";
		};
		A34E917E2570BC73000DB3F4 /* sbc bitpool expander */ = {
			isa = PBXGroup;
			children = (
				A3A4BF48257E899300F06042 /* configuration */,
				A313E7AE257D071D00C7AC6C /* entity */,
				A3681911257BE6B500438C80 /* router */,
				A3681910257BE6AC00438C80 /* presenter */,
				A368190F257BE69F00438C80 /* interactor */,
				A34E917F2570BC73000DB3F4 /* AppDelegate.swift */,
				A3681903257BDFD000438C80 /* view */,
				A34E91862570BC74000DB3F4 /* Assets.xcassets */,
				A34E918B2570BC74000DB3F4 /* Info.plist */,
				A34E918C2570BC74000DB3F4 /* sbc_bitpool_expander.entitlements */,
				A34E91832570BC73000DB3F4 /* sbc_bitpool_expander.xcdatamodeld */,
			);
			path = "sbc bitpool expander";
			sourceTree = "<group>";
		};
		A3681903257BDFD000438C80 /* view */ = {
			isa = PBXGroup;
			children = (
				A34E91882570BC74000DB3F4 /* Main.storyboard */,
				A34E91812570BC73000DB3F4 /* MainController.swift */,
			);
			path = view;
			sourceTree = "<group>";
		};
		A368190F257BE69F00438C80 /* interactor */ = {
			isa = PBXGroup;
			children = (
				A313E7A0257CFD8100C7AC6C /* BluetoothAudioPreferences.swift */,
				A313E7A5257CFFE200C7AC6C /* BluetoothAudioDefaults.swift */,
				A3A4BF37257E6AB600F06042 /* AppConfigurations.swift */,
				A3D0643F2577E51200CF800B /* AppDefaults.swift */,
			);
			path = interactor;
			sourceTree = "<group>";
		};
		A3681910257BE6AC00438C80 /* presenter */ = {
			isa = PBXGroup;
			children = (
			);
			path = presenter;
			sourceTree = "<group>";
		};
		A3681911257BE6B500438C80 /* router */ = {
			isa = PBXGroup;
			children = (
			);
			path = router;
			sourceTree = "<group>";
		};
		A3A4BF48257E899300F06042 /* configuration */ = {
			isa = PBXGroup;
			children = (
				A3A4BF3F257E862F00F06042 /* Configurator.swift */,
				A3A4BF44257E86A100F06042 /* MainConfigurator.swift */,
			);
			path = configuration;
			sourceTree = "<group>";
		};
/* End PBXGroup section */

/* Begin PBXNativeTarget section */
		A34E917B2570BC73000DB3F4 /* sbc bitpool expander */ = {
			isa = PBXNativeTarget;
			buildConfigurationList = A34E918F2570BC74000DB3F4 /* Build configuration list for PBXNativeTarget "sbc bitpool expander" */;
			buildPhases = (
				A34E91782570BC73000DB3F4 /* Sources */,
				A34E91792570BC73000DB3F4 /* Frameworks */,
				A34E917A2570BC73000DB3F4 /* Resources */,
			);
			buildRules = (
			);
			dependencies = (
			);
			name = "sbc bitpool expander";
			productName = "sbc bitpool expander";
			productReference = A34E917C2570BC73000DB3F4 /* sbc bitpool expander.app */;
			productType = "com.apple.product-type.application";
		};
/* End PBXNativeTarget section */

/* Begin PBXProject section */
		A34E91742570BC73000DB3F4 /* Project object */ = {
			isa = PBXProject;
			attributes = {
				LastSwiftUpdateCheck = 1220;
				LastUpgradeCheck = 1220;
				TargetAttributes = {
					A34E917B2570BC73000DB3F4 = {
						CreatedOnToolsVersion = 12.2;
					};
				};
			};
			buildConfigurationList = A34E91772570BC73000DB3F4 /* Build configuration list for PBXProject "sbc bitpool expander" */;
			compatibilityVersion = "Xcode 9.3";
			developmentRegion = en;
			hasScannedForEncodings = 0;
			knownRegions = (
				en,
				Base,
			);
			mainGroup = A34E91732570BC73000DB3F4;
			productRefGroup = A34E917D2570BC73000DB3F4 /* Products */;
			projectDirPath = "";
			projectRoot = "";
			targets = (
				A34E917B2570BC73000DB3F4 /* sbc bitpool expander */,
			);
		};
/* End PBXProject section */

/* Begin PBXResourcesBuildPhase section */
		A34E917A2570BC73000DB3F4 /* Resources */ = {
			isa = PBXResourcesBuildPhase;
			buildActionMask = 2147483647;
			files = (
				A34E91872570BC74000DB3F4 /* Assets.xcassets in Resources */,
				A34E918A2570BC74000DB3F4 /* Main.storyboard in Resources */,
			);
			runOnlyForDeploymentPostprocessing = 0;
		};
/* End PBXResourcesBuildPhase section */

/* Begin PBXSourcesBuildPhase section */
		A34E91782570BC73000DB3F4 /* Sources */ = {
			isa = PBXSourcesBuildPhase;
			buildActionMask = 2147483647;
			files = (
				A3681907257BE32700438C80 /* ChannelDetail.swift in Sources */,
				A34E91822570BC73000DB3F4 /* MainController.swift in Sources */,
				A3A4BF45257E86A100F06042 /* MainConfigurator.swift in Sources */,
				A313E7A1257CFD8100C7AC6C /* BluetoothAudioPreferences.swift in Sources */,
				A3D064402577E51200CF800B /* AppDefaults.swift in Sources */,
				A34E91852570BC73000DB3F4 /* sbc_bitpool_expander.xcdatamodeld in Sources */,
				A34E91802570BC73000DB3F4 /* AppDelegate.swift in Sources */,
				A3A4BF40257E862F00F06042 /* Configurator.swift in Sources */,
				A3E001462577838A00B42B52 /* BitpoolDetail.swift in Sources */,
				A3A4BF38257E6AB600F06042 /* AppConfigurations.swift in Sources */,
				A313E7A6257CFFE200C7AC6C /* BluetoothAudioDefaults.swift in Sources */,
			);
			runOnlyForDeploymentPostprocessing = 0;
		};
/* End PBXSourcesBuildPhase section */

/* Begin PBXVariantGroup section */
		A34E91882570BC74000DB3F4 /* Main.storyboard */ = {
			isa = PBXVariantGroup;
			children = (
				A34E91892570BC74000DB3F4 /* Base */,
			);
			name = Main.storyboard;
			sourceTree = "<group>";
		};
/* End PBXVariantGroup section */

/* Begin XCBuildConfiguration section */
		A34E918D2570BC74000DB3F4 /* Debug */ = {
			isa = XCBuildConfiguration;
			buildSettings = {
				ALWAYS_SEARCH_USER_PATHS = NO;
				CLANG_ANALYZER_NONNULL = YES;
				CLANG_ANALYZER_NUMBER_OBJECT_CONVERSION = YES_AGGRESSIVE;
				CLANG_CXX_LANGUAGE_STANDARD = "gnu++14";
				CLANG_CXX_LIBRARY = "libc++";
				CLANG_ENABLE_MODULES = YES;
				CLANG_ENABLE_OBJC_ARC = YES;
				CLANG_ENABLE_OBJC_WEAK = YES;
				CLANG_WARN_BLOCK_CAPTURE_AUTORELEASING = YES;
				CLANG_WARN_BOOL_CONVERSION = YES;
				CLANG_WARN_COMMA = YES;
				CLANG_WARN_CONSTANT_CONVERSION = YES;
				CLANG_WARN_DEPRECATED_OBJC_IMPLEMENTATIONS = YES;
				CLANG_WARN_DIRECT_OBJC_ISA_USAGE = YES_ERROR;
				CLANG_WARN_DOCUMENTATION_COMMENTS = YES;
				CLANG_WARN_EMPTY_BODY = YES;
				CLANG_WARN_ENUM_CONVERSION = YES;
				CLANG_WARN_INFINITE_RECURSION = YES;
				CLANG_WARN_INT_CONVERSION = YES;
				CLANG_WARN_NON_LITERAL_NULL_CONVERSION = YES;
				CLANG_WARN_OBJC_IMPLICIT_RETAIN_SELF = YES;
				CLANG_WARN_OBJC_LITERAL_CONVERSION = YES;
				CLANG_WARN_OBJC_ROOT_CLASS = YES_ERROR;
				CLANG_WARN_QUOTED_INCLUDE_IN_FRAMEWORK_HEADER = YES;
				CLANG_WARN_RANGE_LOOP_ANALYSIS = YES;
				CLANG_WARN_STRICT_PROTOTYPES = YES;
				CLANG_WARN_SUSPICIOUS_MOVE = YES;
				CLANG_WARN_UNGUARDED_AVAILABILITY = YES_AGGRESSIVE;
				CLANG_WARN_UNREACHABLE_CODE = YES;
				CLANG_WARN__DUPLICATE_METHOD_MATCH = YES;
				COPY_PHASE_STRIP = NO;
				DEBUG_INFORMATION_FORMAT = dwarf;
				ENABLE_STRICT_OBJC_MSGSEND = YES;
				ENABLE_TESTABILITY = YES;
				GCC_C_LANGUAGE_STANDARD = gnu11;
				GCC_DYNAMIC_NO_PIC = NO;
				GCC_NO_COMMON_BLOCKS = YES;
				GCC_OPTIMIZATION_LEVEL = 0;
				GCC_PREPROCESSOR_DEFINITIONS = (
					"DEBUG=1",
					"$(inherited)",
				);
				GCC_WARN_64_TO_32_BIT_CONVERSION = YES;
				GCC_WARN_ABOUT_RETURN_TYPE = YES_ERROR;
				GCC_WARN_UNDECLARED_SELECTOR = YES;
				GCC_WARN_UNINITIALIZED_AUTOS = YES_AGGRESSIVE;
				GCC_WARN_UNUSED_FUNCTION = YES;
				GCC_WARN_UNUSED_VARIABLE = YES;
				MACOSX_DEPLOYMENT_TARGET = 10.15;
				MTL_ENABLE_DEBUG_INFO = INCLUDE_SOURCE;
				MTL_FAST_MATH = YES;
				ONLY_ACTIVE_ARCH = YES;
				SDKROOT = macosx;
				SWIFT_ACTIVE_COMPILATION_CONDITIONS = DEBUG;
				SWIFT_OPTIMIZATION_LEVEL = "-Onone";
			};
			name = Debug;
		};
		A34E918E2570BC74000DB3F4 /* Release */ = {
			isa = XCBuildConfiguration;
			buildSettings = {
				ALWAYS_SEARCH_USER_PATHS = NO;
				CLANG_ANALYZER_NONNULL = YES;
				CLANG_ANALYZER_NUMBER_OBJECT_CONVERSION = YES_AGGRESSIVE;
				CLANG_CXX_LANGUAGE_STANDARD = "gnu++14";
				CLANG_CXX_LIBRARY = "libc++";
				CLANG_ENABLE_MODULES = YES;
				CLANG_ENABLE_OBJC_ARC = YES;
				CLANG_ENABLE_OBJC_WEAK = YES;
				CLANG_WARN_BLOCK_CAPTURE_AUTORELEASING = YES;
				CLANG_WARN_BOOL_CONVERSION = YES;
				CLANG_WARN_COMMA = YES;
				CLANG_WARN_CONSTANT_CONVERSION = YES;
				CLANG_WARN_DEPRECATED_OBJC_IMPLEMENTATIONS = YES;
				CLANG_WARN_DIRECT_OBJC_ISA_USAGE = YES_ERROR;
				CLANG_WARN_DOCUMENTATION_COMMENTS = YES;
				CLANG_WARN_EMPTY_BODY = YES;
				CLANG_WARN_ENUM_CONVERSION = YES;
				CLANG_WARN_INFINITE_RECURSION = YES;
				CLANG_WARN_INT_CONVERSION = YES;
				CLANG_WARN_NON_LITERAL_NULL_CONVERSION = YES;
				CLANG_WARN_OBJC_IMPLICIT_RETAIN_SELF = YES;
				CLANG_WARN_OBJC_LITERAL_CONVERSION = YES;
				CLANG_WARN_OBJC_ROOT_CLASS = YES_ERROR;
				CLANG_WARN_QUOTED_INCLUDE_IN_FRAMEWORK_HEADER = YES;
				CLANG_WARN_RANGE_LOOP_ANALYSIS = YES;
				CLANG_WARN_STRICT_PROTOTYPES = YES;
				CLANG_WARN_SUSPICIOUS_MOVE = YES;
				CLANG_WARN_UNGUARDED_AVAILABILITY = YES_AGGRESSIVE;
				CLANG_WARN_UNREACHABLE_CODE = YES;
				CLANG_WARN__DUPLICATE_METHOD_MATCH = YES;
				COPY_PHASE_STRIP = NO;
				DEBUG_INFORMATION_FORMAT = "dwarf-with-dsym";
				ENABLE_NS_ASSERTIONS = NO;
				ENABLE_STRICT_OBJC_MSGSEND = YES;
				GCC_C_LANGUAGE_STANDARD = gnu11;
				GCC_NO_COMMON_BLOCKS = YES;
				GCC_WARN_64_TO_32_BIT_CONVERSION = YES;
				GCC_WARN_ABOUT_RETURN_TYPE = YES_ERROR;
				GCC_WARN_UNDECLARED_SELECTOR = YES;
				GCC_WARN_UNINITIALIZED_AUTOS = YES_AGGRESSIVE;
				GCC_WARN_UNUSED_FUNCTION = YES;
				GCC_WARN_UNUSED_VARIABLE = YES;
				MACOSX_DEPLOYMENT_TARGET = 10.15;
				MTL_ENABLE_DEBUG_INFO = NO;
				MTL_FAST_MATH = YES;
				SDKROOT = macosx;
				SWIFT_COMPILATION_MODE = wholemodule;
				SWIFT_OPTIMIZATION_LEVEL = "-O";
			};
			name = Release;
		};
		A34E91902570BC74000DB3F4 /* Debug */ = {
			isa = XCBuildConfiguration;
			buildSettings = {
				ASSETCATALOG_COMPILER_APPICON_NAME = AppIcon;
				ASSETCATALOG_COMPILER_GLOBAL_ACCENT_COLOR_NAME = AccentColor;
				CODE_SIGN_ENTITLEMENTS = "sbc bitpool expander/sbc_bitpool_expander.entitlements";
				CODE_SIGN_STYLE = Automatic;
				COMBINE_HIDPI_IMAGES = YES;
				DEVELOPMENT_TEAM = C84A399767;
				ENABLE_HARDENED_RUNTIME = YES;
				INFOPLIST_FILE = "sbc bitpool expander/Info.plist";
				LD_RUNPATH_SEARCH_PATHS = (
					"$(inherited)",
					"@executable_path/../Frameworks",
				);
				MARKETING_VERSION = 3.0.0;
				PRODUCT_BUNDLE_IDENTIFIER = "org.ololx.sbc-bitpool-expander";
				PRODUCT_NAME = "$(TARGET_NAME)";
				SWIFT_VERSION = 5.0;
			};
			name = Debug;
		};
		A34E91912570BC74000DB3F4 /* Release */ = {
			isa = XCBuildConfiguration;
			buildSettings = {
				ASSETCATALOG_COMPILER_APPICON_NAME = AppIcon;
				ASSETCATALOG_COMPILER_GLOBAL_ACCENT_COLOR_NAME = AccentColor;
				CODE_SIGN_ENTITLEMENTS = "sbc bitpool expander/sbc_bitpool_expander.entitlements";
				CODE_SIGN_STYLE = Automatic;
				COMBINE_HIDPI_IMAGES = YES;
				DEVELOPMENT_TEAM = C84A399767;
				ENABLE_HARDENED_RUNTIME = YES;
				INFOPLIST_FILE = "sbc bitpool expander/Info.plist";
				LD_RUNPATH_SEARCH_PATHS = (
					"$(inherited)",
					"@executable_path/../Frameworks",
				);
				MARKETING_VERSION = 3.0.0;
				PRODUCT_BUNDLE_IDENTIFIER = "org.ololx.sbc-bitpool-expander";
				PRODUCT_NAME = "$(TARGET_NAME)";
				SWIFT_VERSION = 5.0;
			};
			name = Release;
		};
/* End XCBuildConfiguration section */

/* Begin XCConfigurationList section */
		A34E91772570BC73000DB3F4 /* Build configuration list for PBXProject "sbc bitpool expander" */ = {
			isa = XCConfigurationList;
			buildConfigurations = (
				A34E918D2570BC74000DB3F4 /* Debug */,
				A34E918E2570BC74000DB3F4 /* Release */,
			);
			defaultConfigurationIsVisible = 0;
			defaultConfigurationName = Release;
		};
		A34E918F2570BC74000DB3F4 /* Build configuration list for PBXNativeTarget "sbc bitpool expander" */ = {
			isa = XCConfigurationList;
			buildConfigurations = (
				A34E91902570BC74000DB3F4 /* Debug */,
				A34E91912570BC74000DB3F4 /* Release */,
			);
			defaultConfigurationIsVisible = 0;
			defaultConfigurationName = Release;
		};
/* End XCConfigurationList section */

/* Begin XCVersionGroup section */
		A34E91832570BC73000DB3F4 /* sbc_bitpool_expander.xcdatamodeld */ = {
			isa = XCVersionGroup;
			children = (
				A34E91842570BC73000DB3F4 /* sbc_bitpool_expander.xcdatamodel */,
			);
			currentVersion = A34E91842570BC73000DB3F4 /* sbc_bitpool_expander.xcdatamodel */;
			path = sbc_bitpool_expander.xcdatamodeld;
			sourceTree = "<group>";
			versionGroupType = wrapper.xcdatamodel;
		};
/* End XCVersionGroup section */
	};
	rootObject = A34E91742570BC73000DB3F4 /* Project object */;
}
