// !$*UTF8*$!
{
	archiveVersion = 1;
	classes = {
	};
	objectVersion = 50;
	objects = {

/* Begin PBXBuildFile section */
		A33A51F925700D2300BB6A8D /* AppDelegate.swift in Sources */ = {isa = PBXBuildFile; fileRef = A33A51F825700D2300BB6A8D /* AppDelegate.swift */; };
		A33A51FB25700D2300BB6A8D /* ViewController.swift in Sources */ = {isa = PBXBuildFile; fileRef = A33A51FA25700D2300BB6A8D /* ViewController.swift */; };
		A33A51FE25700D2300BB6A8D /* sbc_bitpool_expander.xcdatamodeld in Sources */ = {isa = PBXBuildFile; fileRef = A33A51FC25700D2300BB6A8D /* sbc_bitpool_expander.xcdatamodeld */; };
		A33A520025700D2400BB6A8D /* Assets.xcassets in Resources */ = {isa = PBXBuildFile; fileRef = A33A51FF25700D2400BB6A8D /* Assets.xcassets */; };
		A33A520325700D2400BB6A8D /* Main.storyboard in Resources */ = {isa = PBXBuildFile; fileRef = A33A520125700D2400BB6A8D /* Main.storyboard */; };
		A33A520F25700D2500BB6A8D /* sbc_bitpool_expanderTests.swift in Sources */ = {isa = PBXBuildFile; fileRef = A33A520E25700D2500BB6A8D /* sbc_bitpool_expanderTests.swift */; };
		A33A521A25700D2500BB6A8D /* sbc_bitpool_expanderUITests.swift in Sources */ = {isa = PBXBuildFile; fileRef = A33A521925700D2500BB6A8D /* sbc_bitpool_expanderUITests.swift */; };
/* End PBXBuildFile section */

/* Begin PBXContainerItemProxy section */
		A33A520B25700D2500BB6A8D /* PBXContainerItemProxy */ = {
			isa = PBXContainerItemProxy;
			containerPortal = A33A51ED25700D2300BB6A8D /* Project object */;
			proxyType = 1;
			remoteGlobalIDString = A33A51F425700D2300BB6A8D;
			remoteInfo = "sbc bitpool expander";
		};
		A33A521625700D2500BB6A8D /* PBXContainerItemProxy */ = {
			isa = PBXContainerItemProxy;
			containerPortal = A33A51ED25700D2300BB6A8D /* Project object */;
			proxyType = 1;
			remoteGlobalIDString = A33A51F425700D2300BB6A8D;
			remoteInfo = "sbc bitpool expander";
		};
/* End PBXContainerItemProxy section */

/* Begin PBXFileReference section */
		A33A51F525700D2300BB6A8D /* sbc bitpool expander.app */ = {isa = PBXFileReference; explicitFileType = wrapper.application; includeInIndex = 0; path = "sbc bitpool expander.app"; sourceTree = BUILT_PRODUCTS_DIR; };
		A33A51F825700D2300BB6A8D /* AppDelegate.swift */ = {isa = PBXFileReference; lastKnownFileType = sourcecode.swift; path = AppDelegate.swift; sourceTree = "<group>"; };
		A33A51FA25700D2300BB6A8D /* ViewController.swift */ = {isa = PBXFileReference; lastKnownFileType = sourcecode.swift; path = ViewController.swift; sourceTree = "<group>"; };
		A33A51FD25700D2300BB6A8D /* sbc_bitpool_expander.xcdatamodel */ = {isa = PBXFileReference; lastKnownFileType = wrapper.xcdatamodel; path = sbc_bitpool_expander.xcdatamodel; sourceTree = "<group>"; };
		A33A51FF25700D2400BB6A8D /* Assets.xcassets */ = {isa = PBXFileReference; lastKnownFileType = folder.assetcatalog; path = Assets.xcassets; sourceTree = "<group>"; };
		A33A520225700D2400BB6A8D /* Base */ = {isa = PBXFileReference; lastKnownFileType = file.storyboard; name = Base; path = Base.lproj/Main.storyboard; sourceTree = "<group>"; };
		A33A520425700D2400BB6A8D /* Info.plist */ = {isa = PBXFileReference; lastKnownFileType = text.plist.xml; path = Info.plist; sourceTree = "<group>"; };
		A33A520525700D2400BB6A8D /* sbc_bitpool_expander.entitlements */ = {isa = PBXFileReference; lastKnownFileType = text.plist.entitlements; path = sbc_bitpool_expander.entitlements; sourceTree = "<group>"; };
		A33A520A25700D2500BB6A8D /* sbc bitpool expanderTests.xctest */ = {isa = PBXFileReference; explicitFileType = wrapper.cfbundle; includeInIndex = 0; path = "sbc bitpool expanderTests.xctest"; sourceTree = BUILT_PRODUCTS_DIR; };
		A33A520E25700D2500BB6A8D /* sbc_bitpool_expanderTests.swift */ = {isa = PBXFileReference; lastKnownFileType = sourcecode.swift; path = sbc_bitpool_expanderTests.swift; sourceTree = "<group>"; };
		A33A521025700D2500BB6A8D /* Info.plist */ = {isa = PBXFileReference; lastKnownFileType = text.plist.xml; path = Info.plist; sourceTree = "<group>"; };
		A33A521525700D2500BB6A8D /* sbc bitpool expanderUITests.xctest */ = {isa = PBXFileReference; explicitFileType = wrapper.cfbundle; includeInIndex = 0; path = "sbc bitpool expanderUITests.xctest"; sourceTree = BUILT_PRODUCTS_DIR; };
		A33A521925700D2500BB6A8D /* sbc_bitpool_expanderUITests.swift */ = {isa = PBXFileReference; lastKnownFileType = sourcecode.swift; path = sbc_bitpool_expanderUITests.swift; sourceTree = "<group>"; };
		A33A521B25700D2500BB6A8D /* Info.plist */ = {isa = PBXFileReference; lastKnownFileType = text.plist.xml; path = Info.plist; sourceTree = "<group>"; };
/* End PBXFileReference section */

/* Begin PBXFrameworksBuildPhase section */
		A33A51F225700D2300BB6A8D /* Frameworks */ = {
			isa = PBXFrameworksBuildPhase;
			buildActionMask = 2147483647;
			files = (
			);
			runOnlyForDeploymentPostprocessing = 0;
		};
		A33A520725700D2500BB6A8D /* Frameworks */ = {
			isa = PBXFrameworksBuildPhase;
			buildActionMask = 2147483647;
			files = (
			);
			runOnlyForDeploymentPostprocessing = 0;
		};
		A33A521225700D2500BB6A8D /* Frameworks */ = {
			isa = PBXFrameworksBuildPhase;
			buildActionMask = 2147483647;
			files = (
			);
			runOnlyForDeploymentPostprocessing = 0;
		};
/* End PBXFrameworksBuildPhase section */

/* Begin PBXGroup section */
		A33A51EC25700D2300BB6A8D = {
			isa = PBXGroup;
			children = (
				A33A51F725700D2300BB6A8D /* sbc bitpool expander */,
				A33A520D25700D2500BB6A8D /* sbc bitpool expanderTests */,
				A33A521825700D2500BB6A8D /* sbc bitpool expanderUITests */,
				A33A51F625700D2300BB6A8D /* Products */,
			);
			sourceTree = "<group>";
		};
		A33A51F625700D2300BB6A8D /* Products */ = {
			isa = PBXGroup;
			children = (
				A33A51F525700D2300BB6A8D /* sbc bitpool expander.app */,
				A33A520A25700D2500BB6A8D /* sbc bitpool expanderTests.xctest */,
				A33A521525700D2500BB6A8D /* sbc bitpool expanderUITests.xctest */,
			);
			name = Products;
			sourceTree = "<group>";
		};
		A33A51F725700D2300BB6A8D /* sbc bitpool expander */ = {
			isa = PBXGroup;
			children = (
				A33A51F825700D2300BB6A8D /* AppDelegate.swift */,
				A33A51FA25700D2300BB6A8D /* ViewController.swift */,
				A33A51FF25700D2400BB6A8D /* Assets.xcassets */,
				A33A520125700D2400BB6A8D /* Main.storyboard */,
				A33A520425700D2400BB6A8D /* Info.plist */,
				A33A520525700D2400BB6A8D /* sbc_bitpool_expander.entitlements */,
				A33A51FC25700D2300BB6A8D /* sbc_bitpool_expander.xcdatamodeld */,
			);
			path = "sbc bitpool expander";
			sourceTree = "<group>";
		};
		A33A520D25700D2500BB6A8D /* sbc bitpool expanderTests */ = {
			isa = PBXGroup;
			children = (
				A33A520E25700D2500BB6A8D /* sbc_bitpool_expanderTests.swift */,
				A33A521025700D2500BB6A8D /* Info.plist */,
			);
			path = "sbc bitpool expanderTests";
			sourceTree = "<group>";
		};
		A33A521825700D2500BB6A8D /* sbc bitpool expanderUITests */ = {
			isa = PBXGroup;
			children = (
				A33A521925700D2500BB6A8D /* sbc_bitpool_expanderUITests.swift */,
				A33A521B25700D2500BB6A8D /* Info.plist */,
			);
			path = "sbc bitpool expanderUITests";
			sourceTree = "<group>";
		};
/* End PBXGroup section */

/* Begin PBXNativeTarget section */
		A33A51F425700D2300BB6A8D /* sbc bitpool expander */ = {
			isa = PBXNativeTarget;
			buildConfigurationList = A33A521E25700D2500BB6A8D /* Build configuration list for PBXNativeTarget "sbc bitpool expander" */;
			buildPhases = (
				A33A51F125700D2300BB6A8D /* Sources */,
				A33A51F225700D2300BB6A8D /* Frameworks */,
				A33A51F325700D2300BB6A8D /* Resources */,
			);
			buildRules = (
			);
			dependencies = (
			);
			name = "sbc bitpool expander";
			productName = "sbc bitpool expander";
			productReference = A33A51F525700D2300BB6A8D /* sbc bitpool expander.app */;
			productType = "com.apple.product-type.application";
		};
		A33A520925700D2500BB6A8D /* sbc bitpool expanderTests */ = {
			isa = PBXNativeTarget;
			buildConfigurationList = A33A522125700D2500BB6A8D /* Build configuration list for PBXNativeTarget "sbc bitpool expanderTests" */;
			buildPhases = (
				A33A520625700D2500BB6A8D /* Sources */,
				A33A520725700D2500BB6A8D /* Frameworks */,
				A33A520825700D2500BB6A8D /* Resources */,
			);
			buildRules = (
			);
			dependencies = (
				A33A520C25700D2500BB6A8D /* PBXTargetDependency */,
			);
			name = "sbc bitpool expanderTests";
			productName = "sbc bitpool expanderTests";
			productReference = A33A520A25700D2500BB6A8D /* sbc bitpool expanderTests.xctest */;
			productType = "com.apple.product-type.bundle.unit-test";
		};
		A33A521425700D2500BB6A8D /* sbc bitpool expanderUITests */ = {
			isa = PBXNativeTarget;
			buildConfigurationList = A33A522425700D2500BB6A8D /* Build configuration list for PBXNativeTarget "sbc bitpool expanderUITests" */;
			buildPhases = (
				A33A521125700D2500BB6A8D /* Sources */,
				A33A521225700D2500BB6A8D /* Frameworks */,
				A33A521325700D2500BB6A8D /* Resources */,
			);
			buildRules = (
			);
			dependencies = (
				A33A521725700D2500BB6A8D /* PBXTargetDependency */,
			);
			name = "sbc bitpool expanderUITests";
			productName = "sbc bitpool expanderUITests";
			productReference = A33A521525700D2500BB6A8D /* sbc bitpool expanderUITests.xctest */;
			productType = "com.apple.product-type.bundle.ui-testing";
		};
/* End PBXNativeTarget section */

/* Begin PBXProject section */
		A33A51ED25700D2300BB6A8D /* Project object */ = {
			isa = PBXProject;
			attributes = {
				LastSwiftUpdateCheck = 1220;
				LastUpgradeCheck = 1220;
				TargetAttributes = {
					A33A51F425700D2300BB6A8D = {
						CreatedOnToolsVersion = 12.2;
					};
					A33A520925700D2500BB6A8D = {
						CreatedOnToolsVersion = 12.2;
						TestTargetID = A33A51F425700D2300BB6A8D;
					};
					A33A521425700D2500BB6A8D = {
						CreatedOnToolsVersion = 12.2;
						TestTargetID = A33A51F425700D2300BB6A8D;
					};
				};
			};
			buildConfigurationList = A33A51F025700D2300BB6A8D /* Build configuration list for PBXProject "sbc bitpool expander" */;
			compatibilityVersion = "Xcode 9.3";
			developmentRegion = en;
			hasScannedForEncodings = 0;
			knownRegions = (
				en,
				Base,
			);
			mainGroup = A33A51EC25700D2300BB6A8D;
			productRefGroup = A33A51F625700D2300BB6A8D /* Products */;
			projectDirPath = "";
			projectRoot = "";
			targets = (
				A33A51F425700D2300BB6A8D /* sbc bitpool expander */,
				A33A520925700D2500BB6A8D /* sbc bitpool expanderTests */,
				A33A521425700D2500BB6A8D /* sbc bitpool expanderUITests */,
			);
		};
/* End PBXProject section */

/* Begin PBXResourcesBuildPhase section */
		A33A51F325700D2300BB6A8D /* Resources */ = {
			isa = PBXResourcesBuildPhase;
			buildActionMask = 2147483647;
			files = (
				A33A520025700D2400BB6A8D /* Assets.xcassets in Resources */,
				A33A520325700D2400BB6A8D /* Main.storyboard in Resources */,
			);
			runOnlyForDeploymentPostprocessing = 0;
		};
		A33A520825700D2500BB6A8D /* Resources */ = {
			isa = PBXResourcesBuildPhase;
			buildActionMask = 2147483647;
			files = (
			);
			runOnlyForDeploymentPostprocessing = 0;
		};
		A33A521325700D2500BB6A8D /* Resources */ = {
			isa = PBXResourcesBuildPhase;
			buildActionMask = 2147483647;
			files = (
			);
			runOnlyForDeploymentPostprocessing = 0;
		};
/* End PBXResourcesBuildPhase section */

/* Begin PBXSourcesBuildPhase section */
		A33A51F125700D2300BB6A8D /* Sources */ = {
			isa = PBXSourcesBuildPhase;
			buildActionMask = 2147483647;
			files = (
				A33A51FB25700D2300BB6A8D /* ViewController.swift in Sources */,
				A33A51FE25700D2300BB6A8D /* sbc_bitpool_expander.xcdatamodeld in Sources */,
				A33A51F925700D2300BB6A8D /* AppDelegate.swift in Sources */,
			);
			runOnlyForDeploymentPostprocessing = 0;
		};
		A33A520625700D2500BB6A8D /* Sources */ = {
			isa = PBXSourcesBuildPhase;
			buildActionMask = 2147483647;
			files = (
				A33A520F25700D2500BB6A8D /* sbc_bitpool_expanderTests.swift in Sources */,
			);
			runOnlyForDeploymentPostprocessing = 0;
		};
		A33A521125700D2500BB6A8D /* Sources */ = {
			isa = PBXSourcesBuildPhase;
			buildActionMask = 2147483647;
			files = (
				A33A521A25700D2500BB6A8D /* sbc_bitpool_expanderUITests.swift in Sources */,
			);
			runOnlyForDeploymentPostprocessing = 0;
		};
/* End PBXSourcesBuildPhase section */

/* Begin PBXTargetDependency section */
		A33A520C25700D2500BB6A8D /* PBXTargetDependency */ = {
			isa = PBXTargetDependency;
			target = A33A51F425700D2300BB6A8D /* sbc bitpool expander */;
			targetProxy = A33A520B25700D2500BB6A8D /* PBXContainerItemProxy */;
		};
		A33A521725700D2500BB6A8D /* PBXTargetDependency */ = {
			isa = PBXTargetDependency;
			target = A33A51F425700D2300BB6A8D /* sbc bitpool expander */;
			targetProxy = A33A521625700D2500BB6A8D /* PBXContainerItemProxy */;
		};
/* End PBXTargetDependency section */

/* Begin PBXVariantGroup section */
		A33A520125700D2400BB6A8D /* Main.storyboard */ = {
			isa = PBXVariantGroup;
			children = (
				A33A520225700D2400BB6A8D /* Base */,
			);
			name = Main.storyboard;
			sourceTree = "<group>";
		};
/* End PBXVariantGroup section */

/* Begin XCBuildConfiguration section */
		A33A521C25700D2500BB6A8D /* Debug */ = {
			isa = XCBuildConfiguration;
			buildSettings = {
				ALWAYS_SEARCH_USER_PATHS = NO;
				CLANG_ANALYZER_NONNULL = YES;
				CLANG_ANALYZER_NUMBER_OBJECT_CONVERSION = YES_AGGRESSIVE;
				CLANG_CXX_LANGUAGE_STANDARD = "gnu++14";
				CLANG_CXX_LIBRARY = "libc++";
				CLANG_ENABLE_MODULES = YES;
				CLANG_ENABLE_OBJC_ARC = YES;
				CLANG_ENABLE_OBJC_WEAK = YES;
				CLANG_WARN_BLOCK_CAPTURE_AUTORELEASING = YES;
				CLANG_WARN_BOOL_CONVERSION = YES;
				CLANG_WARN_COMMA = YES;
				CLANG_WARN_CONSTANT_CONVERSION = YES;
				CLANG_WARN_DEPRECATED_OBJC_IMPLEMENTATIONS = YES;
				CLANG_WARN_DIRECT_OBJC_ISA_USAGE = YES_ERROR;
				CLANG_WARN_DOCUMENTATION_COMMENTS = YES;
				CLANG_WARN_EMPTY_BODY = YES;
				CLANG_WARN_ENUM_CONVERSION = YES;
				CLANG_WARN_INFINITE_RECURSION = YES;
				CLANG_WARN_INT_CONVERSION = YES;
				CLANG_WARN_NON_LITERAL_NULL_CONVERSION = YES;
				CLANG_WARN_OBJC_IMPLICIT_RETAIN_SELF = YES;
				CLANG_WARN_OBJC_LITERAL_CONVERSION = YES;
				CLANG_WARN_OBJC_ROOT_CLASS = YES_ERROR;
				CLANG_WARN_QUOTED_INCLUDE_IN_FRAMEWORK_HEADER = YES;
				CLANG_WARN_RANGE_LOOP_ANALYSIS = YES;
				CLANG_WARN_STRICT_PROTOTYPES = YES;
				CLANG_WARN_SUSPICIOUS_MOVE = YES;
				CLANG_WARN_UNGUARDED_AVAILABILITY = YES_AGGRESSIVE;
				CLANG_WARN_UNREACHABLE_CODE = YES;
				CLANG_WARN__DUPLICATE_METHOD_MATCH = YES;
				COPY_PHASE_STRIP = NO;
				DEBUG_INFORMATION_FORMAT = dwarf;
				ENABLE_STRICT_OBJC_MSGSEND = YES;
				ENABLE_TESTABILITY = YES;
				GCC_C_LANGUAGE_STANDARD = gnu11;
				GCC_DYNAMIC_NO_PIC = NO;
				GCC_NO_COMMON_BLOCKS = YES;
				GCC_OPTIMIZATION_LEVEL = 0;
				GCC_PREPROCESSOR_DEFINITIONS = (
					"DEBUG=1",
					"$(inherited)",
				);
				GCC_WARN_64_TO_32_BIT_CONVERSION = YES;
				GCC_WARN_ABOUT_RETURN_TYPE = YES_ERROR;
				GCC_WARN_UNDECLARED_SELECTOR = YES;
				GCC_WARN_UNINITIALIZED_AUTOS = YES_AGGRESSIVE;
				GCC_WARN_UNUSED_FUNCTION = YES;
				GCC_WARN_UNUSED_VARIABLE = YES;
				MACOSX_DEPLOYMENT_TARGET = 10.15;
				MTL_ENABLE_DEBUG_INFO = INCLUDE_SOURCE;
				MTL_FAST_MATH = YES;
				ONLY_ACTIVE_ARCH = YES;
				SDKROOT = macosx;
				SWIFT_ACTIVE_COMPILATION_CONDITIONS = DEBUG;
				SWIFT_OPTIMIZATION_LEVEL = "-Onone";
			};
			name = Debug;
		};
		A33A521D25700D2500BB6A8D /* Release */ = {
			isa = XCBuildConfiguration;
			buildSettings = {
				ALWAYS_SEARCH_USER_PATHS = NO;
				CLANG_ANALYZER_NONNULL = YES;
				CLANG_ANALYZER_NUMBER_OBJECT_CONVERSION = YES_AGGRESSIVE;
				CLANG_CXX_LANGUAGE_STANDARD = "gnu++14";
				CLANG_CXX_LIBRARY = "libc++";
				CLANG_ENABLE_MODULES = YES;
				CLANG_ENABLE_OBJC_ARC = YES;
				CLANG_ENABLE_OBJC_WEAK = YES;
				CLANG_WARN_BLOCK_CAPTURE_AUTORELEASING = YES;
				CLANG_WARN_BOOL_CONVERSION = YES;
				CLANG_WARN_COMMA = YES;
				CLANG_WARN_CONSTANT_CONVERSION = YES;
				CLANG_WARN_DEPRECATED_OBJC_IMPLEMENTATIONS = YES;
				CLANG_WARN_DIRECT_OBJC_ISA_USAGE = YES_ERROR;
				CLANG_WARN_DOCUMENTATION_COMMENTS = YES;
				CLANG_WARN_EMPTY_BODY = YES;
				CLANG_WARN_ENUM_CONVERSION = YES;
				CLANG_WARN_INFINITE_RECURSION = YES;
				CLANG_WARN_INT_CONVERSION = YES;
				CLANG_WARN_NON_LITERAL_NULL_CONVERSION = YES;
				CLANG_WARN_OBJC_IMPLICIT_RETAIN_SELF = YES;
				CLANG_WARN_OBJC_LITERAL_CONVERSION = YES;
				CLANG_WARN_OBJC_ROOT_CLASS = YES_ERROR;
				CLANG_WARN_QUOTED_INCLUDE_IN_FRAMEWORK_HEADER = YES;
				CLANG_WARN_RANGE_LOOP_ANALYSIS = YES;
				CLANG_WARN_STRICT_PROTOTYPES = YES;
				CLANG_WARN_SUSPICIOUS_MOVE = YES;
				CLANG_WARN_UNGUARDED_AVAILABILITY = YES_AGGRESSIVE;
				CLANG_WARN_UNREACHABLE_CODE = YES;
				CLANG_WARN__DUPLICATE_METHOD_MATCH = YES;
				COPY_PHASE_STRIP = NO;
				DEBUG_INFORMATION_FORMAT = "dwarf-with-dsym";
				ENABLE_NS_ASSERTIONS = NO;
				ENABLE_STRICT_OBJC_MSGSEND = YES;
				GCC_C_LANGUAGE_STANDARD = gnu11;
				GCC_NO_COMMON_BLOCKS = YES;
				GCC_WARN_64_TO_32_BIT_CONVERSION = YES;
				GCC_WARN_ABOUT_RETURN_TYPE = YES_ERROR;
				GCC_WARN_UNDECLARED_SELECTOR = YES;
				GCC_WARN_UNINITIALIZED_AUTOS = YES_AGGRESSIVE;
				GCC_WARN_UNUSED_FUNCTION = YES;
				GCC_WARN_UNUSED_VARIABLE = YES;
				MACOSX_DEPLOYMENT_TARGET = 10.15;
				MTL_ENABLE_DEBUG_INFO = NO;
				MTL_FAST_MATH = YES;
				SDKROOT = macosx;
				SWIFT_COMPILATION_MODE = wholemodule;
				SWIFT_OPTIMIZATION_LEVEL = "-O";
			};
			name = Release;
		};
		A33A521F25700D2500BB6A8D /* Debug */ = {
			isa = XCBuildConfiguration;
			buildSettings = {
				ASSETCATALOG_COMPILER_APPICON_NAME = AppIcon;
				ASSETCATALOG_COMPILER_GLOBAL_ACCENT_COLOR_NAME = AccentColor;
				CODE_SIGN_ENTITLEMENTS = "sbc bitpool expander/sbc_bitpool_expander.entitlements";
				CODE_SIGN_STYLE = Automatic;
				COMBINE_HIDPI_IMAGES = YES;
				DEVELOPMENT_TEAM = C84A399767;
				ENABLE_HARDENED_RUNTIME = YES;
				INFOPLIST_FILE = "sbc bitpool expander/Info.plist";
				LD_RUNPATH_SEARCH_PATHS = (
					"$(inherited)",
					"@executable_path/../Frameworks",
				);
				MARKETING_VERSION = 3.0.0;
				PRODUCT_BUNDLE_IDENTIFIER = "org.ololx.sbc-bitpool-expander";
				PRODUCT_NAME = "$(TARGET_NAME)";
				SWIFT_VERSION = 5.0;
			};
			name = Debug;
		};
		A33A522025700D2500BB6A8D /* Release */ = {
			isa = XCBuildConfiguration;
			buildSettings = {
				ASSETCATALOG_COMPILER_APPICON_NAME = AppIcon;
				ASSETCATALOG_COMPILER_GLOBAL_ACCENT_COLOR_NAME = AccentColor;
				CODE_SIGN_ENTITLEMENTS = "sbc bitpool expander/sbc_bitpool_expander.entitlements";
				CODE_SIGN_STYLE = Automatic;
				COMBINE_HIDPI_IMAGES = YES;
				DEVELOPMENT_TEAM = C84A399767;
				ENABLE_HARDENED_RUNTIME = YES;
				INFOPLIST_FILE = "sbc bitpool expander/Info.plist";
				LD_RUNPATH_SEARCH_PATHS = (
					"$(inherited)",
					"@executable_path/../Frameworks",
				);
				MARKETING_VERSION = 3.0.0;
				PRODUCT_BUNDLE_IDENTIFIER = "org.ololx.sbc-bitpool-expander";
				PRODUCT_NAME = "$(TARGET_NAME)";
				SWIFT_VERSION = 5.0;
			};
			name = Release;
		};
		A33A522225700D2500BB6A8D /* Debug */ = {
			isa = XCBuildConfiguration;
			buildSettings = {
				ALWAYS_EMBED_SWIFT_STANDARD_LIBRARIES = YES;
				BUNDLE_LOADER = "$(TEST_HOST)";
				CODE_SIGN_STYLE = Automatic;
				COMBINE_HIDPI_IMAGES = YES;
				DEVELOPMENT_TEAM = C84A399767;
				INFOPLIST_FILE = "sbc bitpool expanderTests/Info.plist";
				LD_RUNPATH_SEARCH_PATHS = (
					"$(inherited)",
					"@executable_path/../Frameworks",
					"@loader_path/../Frameworks",
				);
				MACOSX_DEPLOYMENT_TARGET = 10.15;
				PRODUCT_BUNDLE_IDENTIFIER = "org.ololx.sbc-bitpool-expanderTests";
				PRODUCT_NAME = "$(TARGET_NAME)";
				SWIFT_VERSION = 5.0;
				TEST_HOST = "$(BUILT_PRODUCTS_DIR)/sbc bitpool expander.app/Contents/MacOS/sbc bitpool expander";
			};
			name = Debug;
		};
		A33A522325700D2500BB6A8D /* Release */ = {
			isa = XCBuildConfiguration;
			buildSettings = {
				ALWAYS_EMBED_SWIFT_STANDARD_LIBRARIES = YES;
				BUNDLE_LOADER = "$(TEST_HOST)";
				CODE_SIGN_STYLE = Automatic;
				COMBINE_HIDPI_IMAGES = YES;
				DEVELOPMENT_TEAM = C84A399767;
				INFOPLIST_FILE = "sbc bitpool expanderTests/Info.plist";
				LD_RUNPATH_SEARCH_PATHS = (
					"$(inherited)",
					"@executable_path/../Frameworks",
					"@loader_path/../Frameworks",
				);
				MACOSX_DEPLOYMENT_TARGET = 10.15;
				PRODUCT_BUNDLE_IDENTIFIER = "org.ololx.sbc-bitpool-expanderTests";
				PRODUCT_NAME = "$(TARGET_NAME)";
				SWIFT_VERSION = 5.0;
				TEST_HOST = "$(BUILT_PRODUCTS_DIR)/sbc bitpool expander.app/Contents/MacOS/sbc bitpool expander";
			};
			name = Release;
		};
		A33A522525700D2500BB6A8D /* Debug */ = {
			isa = XCBuildConfiguration;
			buildSettings = {
				ALWAYS_EMBED_SWIFT_STANDARD_LIBRARIES = YES;
				CODE_SIGN_STYLE = Automatic;
				COMBINE_HIDPI_IMAGES = YES;
				DEVELOPMENT_TEAM = C84A399767;
				INFOPLIST_FILE = "sbc bitpool expanderUITests/Info.plist";
				LD_RUNPATH_SEARCH_PATHS = (
					"$(inherited)",
					"@executable_path/../Frameworks",
					"@loader_path/../Frameworks",
				);
				PRODUCT_BUNDLE_IDENTIFIER = "org.ololx.sbc-bitpool-expanderUITests";
				PRODUCT_NAME = "$(TARGET_NAME)";
				SWIFT_VERSION = 5.0;
				TEST_TARGET_NAME = "sbc bitpool expander";
			};
			name = Debug;
		};
		A33A522625700D2500BB6A8D /* Release */ = {
			isa = XCBuildConfiguration;
			buildSettings = {
				ALWAYS_EMBED_SWIFT_STANDARD_LIBRARIES = YES;
				CODE_SIGN_STYLE = Automatic;
				COMBINE_HIDPI_IMAGES = YES;
				DEVELOPMENT_TEAM = C84A399767;
				INFOPLIST_FILE = "sbc bitpool expanderUITests/Info.plist";
				LD_RUNPATH_SEARCH_PATHS = (
					"$(inherited)",
					"@executable_path/../Frameworks",
					"@loader_path/../Frameworks",
				);
				PRODUCT_BUNDLE_IDENTIFIER = "org.ololx.sbc-bitpool-expanderUITests";
				PRODUCT_NAME = "$(TARGET_NAME)";
				SWIFT_VERSION = 5.0;
				TEST_TARGET_NAME = "sbc bitpool expander";
			};
			name = Release;
		};
/* End XCBuildConfiguration section */

/* Begin XCConfigurationList section */
		A33A51F025700D2300BB6A8D /* Build configuration list for PBXProject "sbc bitpool expander" */ = {
			isa = XCConfigurationList;
			buildConfigurations = (
				A33A521C25700D2500BB6A8D /* Debug */,
				A33A521D25700D2500BB6A8D /* Release */,
			);
			defaultConfigurationIsVisible = 0;
			defaultConfigurationName = Release;
		};
		A33A521E25700D2500BB6A8D /* Build configuration list for PBXNativeTarget "sbc bitpool expander" */ = {
			isa = XCConfigurationList;
			buildConfigurations = (
				A33A521F25700D2500BB6A8D /* Debug */,
				A33A522025700D2500BB6A8D /* Release */,
			);
			defaultConfigurationIsVisible = 0;
			defaultConfigurationName = Release;
		};
		A33A522125700D2500BB6A8D /* Build configuration list for PBXNativeTarget "sbc bitpool expanderTests" */ = {
			isa = XCConfigurationList;
			buildConfigurations = (
				A33A522225700D2500BB6A8D /* Debug */,
				A33A522325700D2500BB6A8D /* Release */,
			);
			defaultConfigurationIsVisible = 0;
			defaultConfigurationName = Release;
		};
		A33A522425700D2500BB6A8D /* Build configuration list for PBXNativeTarget "sbc bitpool expanderUITests" */ = {
			isa = XCConfigurationList;
			buildConfigurations = (
				A33A522525700D2500BB6A8D /* Debug */,
				A33A522625700D2500BB6A8D /* Release */,
			);
			defaultConfigurationIsVisible = 0;
			defaultConfigurationName = Release;
		};
/* End XCConfigurationList section */

/* Begin XCVersionGroup section */
		A33A51FC25700D2300BB6A8D /* sbc_bitpool_expander.xcdatamodeld */ = {
			isa = XCVersionGroup;
			children = (
				A33A51FD25700D2300BB6A8D /* sbc_bitpool_expander.xcdatamodel */,
			);
			currentVersion = A33A51FD25700D2300BB6A8D /* sbc_bitpool_expander.xcdatamodel */;
			path = sbc_bitpool_expander.xcdatamodeld;
			sourceTree = "<group>";
			versionGroupType = wrapper.xcdatamodel;
		};
/* End XCVersionGroup section */
	};
	rootObject = A33A51ED25700D2300BB6A8D /* Project object */;
}
